{
  "requires": true,
  "lockfileVersion": 1,
  "dependencies": {
    "alpinejs": {
      "version": "2.7.3",
      "resolved": "https://registry.npmjs.org/alpinejs/-/alpinejs-2.7.3.tgz",
      "integrity": "sha512-IRXnszk68s+FOGFMA1+K3rjLK44NqLShNpSy8aI6J3Ch9gss56FqlU6NVRP+mJes7LeQFCreH410luScVSkdfg=="
    }
  }
}
